
Microsoft Visual Studio Solution File, Format Version 12.00
# Visual Studio Version 16
VisualStudioVersion = 16.0.30804.86
MinimumVisualStudioVersion = 10.0.40219.1
Project("{FAE04EC0-301F-11D3-BF4B-00C04F79EFBC}") = "CorporateClass", "CorporateClass\CorporateClass.csproj", "{553FA98D-7A5C-4B0E-AC94-047DFFDD037B}"
EndProject
Global
	GlobalSection(SolutionConfigurationPlatforms) = preSolution
		Debug|Any CPU = Debug|Any CPU
		Release|Any CPU = Release|Any CPU
	EndGlobalSection
	GlobalSection(ProjectConfigurationPlatforms) = postSolution
		{553FA98D-7A5C-4B0E-AC94-047DFFDD037B}.Debug|Any CPU.ActiveCfg = Debug|Any CPU
		{553FA98D-7A5C-4B0E-AC94-047DFFDD037B}.Debug|Any CPU.Build.0 = Debug|Any CPU
		{553FA98D-7A5C-4B0E-AC94-047DFFDD037B}.Release|Any CPU.ActiveCfg = Release|Any CPU
		{553FA98D-7A5C-4B0E-AC94-047DFFDD037B}.Release|Any CPU.Build.0 = Release|Any CPU
	EndGlobalSection
	GlobalSection(SolutionProperties) = preSolution
		HideSolutionNode = FALSE
	EndGlobalSection
	GlobalSection(ExtensibilityGlobals) = postSolution
		SolutionGuid = {5EE3E119-EE25-40E8-B1E5-FCE984D1644D}
	EndGlobalSection
EndGlobal
